Microsoft Visual Studio Solution File, Format Version 11.00
# Visual Studio 2008

Project("{912DF655-DFC0-AF2C-4489-F94936F05485}") = "HW092705", "Assembly-CSharp.csproj", "{4613ADA9-3F3E-7C3E-3CC1-E8805CA46674}"
EndProject
Global
	GlobalSection(SolutionConfigurationPlatforms) = preSolution
		Debug|Any CPU = Debug|Any CPU
		Release|Any CPU = Release|Any CPU
	EndGlobalSection
	GlobalSection(ProjectConfigurationPlatforms) = postSolution
		{4613ADA9-3F3E-7C3E-3CC1-E8805CA46674}.Debug|Any CPU.ActiveCfg = Debug|Any CPU
		{4613ADA9-3F3E-7C3E-3CC1-E8805CA46674}.Debug|Any CPU.Build.0 = Debug|Any CPU
		{4613ADA9-3F3E-7C3E-3CC1-E8805CA46674}.Release|Any CPU.ActiveCfg = Release|Any CPU
		{4613ADA9-3F3E-7C3E-3CC1-E8805CA46674}.Release|Any CPU.Build.0 = Release|Any CPU
	EndGlobalSection
	GlobalSection(SolutionProperties) = preSolution
		HideSolutionNode = FALSE
	EndGlobalSection
	GlobalSection(MonoDevelopProperties) = preSolution
		StartupItem = Assembly-CSharp.csproj
	EndGlobalSection
EndGlobal
