Microsoft Visual Studio Solution File, Format Version 11.00
# Visual Studio 2008

Project("{7E9F0EE5-659E-EB15-0867-9CA7FAECADA5}") = "HW092701", "Assembly-CSharp.csproj", "{535E84B5-5F92-3FBF-FF08-C1F3BE986548}"
EndProject
Global
	GlobalSection(SolutionConfigurationPlatforms) = preSolution
		Debug|Any CPU = Debug|Any CPU
		Release|Any CPU = Release|Any CPU
	EndGlobalSection
	GlobalSection(ProjectConfigurationPlatforms) = postSolution
		{535E84B5-5F92-3FBF-FF08-C1F3BE986548}.Debug|Any CPU.ActiveCfg = Debug|Any CPU
		{535E84B5-5F92-3FBF-FF08-C1F3BE986548}.Debug|Any CPU.Build.0 = Debug|Any CPU
		{535E84B5-5F92-3FBF-FF08-C1F3BE986548}.Release|Any CPU.ActiveCfg = Release|Any CPU
		{535E84B5-5F92-3FBF-FF08-C1F3BE986548}.Release|Any CPU.Build.0 = Release|Any CPU
	EndGlobalSection
	GlobalSection(SolutionProperties) = preSolution
		HideSolutionNode = FALSE
	EndGlobalSection
	GlobalSection(MonoDevelopProperties) = preSolution
		StartupItem = Assembly-CSharp.csproj
	EndGlobalSection
EndGlobal
