Microsoft Visual Studio Solution File, Format Version 11.00
# Visual Studio 2008

Project("{2E64CB81-A56F-2D02-24A8-C1261481F4AA}") = "TS0924", "Assembly-CSharp.csproj", "{644EEC2A-D074-9298-05F7-22527BCAC2F9}"
EndProject
Global
	GlobalSection(SolutionConfigurationPlatforms) = preSolution
		Debug|Any CPU = Debug|Any CPU
		Release|Any CPU = Release|Any CPU
	EndGlobalSection
	GlobalSection(ProjectConfigurationPlatforms) = postSolution
		{644EEC2A-D074-9298-05F7-22527BCAC2F9}.Debug|Any CPU.ActiveCfg = Debug|Any CPU
		{644EEC2A-D074-9298-05F7-22527BCAC2F9}.Debug|Any CPU.Build.0 = Debug|Any CPU
		{644EEC2A-D074-9298-05F7-22527BCAC2F9}.Release|Any CPU.ActiveCfg = Release|Any CPU
		{644EEC2A-D074-9298-05F7-22527BCAC2F9}.Release|Any CPU.Build.0 = Release|Any CPU
	EndGlobalSection
	GlobalSection(SolutionProperties) = preSolution
		HideSolutionNode = FALSE
	EndGlobalSection
	GlobalSection(MonoDevelopProperties) = preSolution
		StartupItem = Assembly-CSharp.csproj
	EndGlobalSection
EndGlobal
