Microsoft Visual Studio Solution File, Format Version 11.00
# Visual Studio 2008

Project("{D3F4D9AE-B7F4-4BF7-A062-7D51146ABF94}") = "test0929", "Assembly-CSharp.csproj", "{0145B03C-DFAC-EF1F-5DAC-05FE1803F78B}"
EndProject
Global
	GlobalSection(SolutionConfigurationPlatforms) = preSolution
		Debug|Any CPU = Debug|Any CPU
		Release|Any CPU = Release|Any CPU
	EndGlobalSection
	GlobalSection(ProjectConfigurationPlatforms) = postSolution
		{0145B03C-DFAC-EF1F-5DAC-05FE1803F78B}.Debug|Any CPU.ActiveCfg = Debug|Any CPU
		{0145B03C-DFAC-EF1F-5DAC-05FE1803F78B}.Debug|Any CPU.Build.0 = Debug|Any CPU
		{0145B03C-DFAC-EF1F-5DAC-05FE1803F78B}.Release|Any CPU.ActiveCfg = Release|Any CPU
		{0145B03C-DFAC-EF1F-5DAC-05FE1803F78B}.Release|Any CPU.Build.0 = Release|Any CPU
	EndGlobalSection
	GlobalSection(SolutionProperties) = preSolution
		HideSolutionNode = FALSE
	EndGlobalSection
	GlobalSection(MonoDevelopProperties) = preSolution
		StartupItem = Assembly-CSharp.csproj
	EndGlobalSection
EndGlobal
