Microsoft Visual Studio Solution File, Format Version 11.00
# Visual Studio 2008

Project("{47E1BE4D-2F4D-E310-CBB3-15456E412621}") = "DS0927", "Assembly-CSharp.csproj", "{14B79119-555B-FBC9-C812-C54093EB2B08}"
EndProject
Global
	GlobalSection(SolutionConfigurationPlatforms) = preSolution
		Debug|Any CPU = Debug|Any CPU
		Release|Any CPU = Release|Any CPU
	EndGlobalSection
	GlobalSection(ProjectConfigurationPlatforms) = postSolution
		{14B79119-555B-FBC9-C812-C54093EB2B08}.Debug|Any CPU.ActiveCfg = Debug|Any CPU
		{14B79119-555B-FBC9-C812-C54093EB2B08}.Debug|Any CPU.Build.0 = Debug|Any CPU
		{14B79119-555B-FBC9-C812-C54093EB2B08}.Release|Any CPU.ActiveCfg = Release|Any CPU
		{14B79119-555B-FBC9-C812-C54093EB2B08}.Release|Any CPU.Build.0 = Release|Any CPU
	EndGlobalSection
	GlobalSection(SolutionProperties) = preSolution
		HideSolutionNode = FALSE
	EndGlobalSection
	GlobalSection(MonoDevelopProperties) = preSolution
		StartupItem = Assembly-CSharp.csproj
	EndGlobalSection
EndGlobal
