Microsoft Visual Studio Solution File, Format Version 11.00
# Visual Studio 2008

Project("{1BC6DC44-0E02-9FC8-6B15-3743B9DBC860}") = "unity01", "Assembly-CSharp.csproj", "{BFB829E0-7835-6F74-0FB7-DC46A1A399E3}"
EndProject
Global
	GlobalSection(SolutionConfigurationPlatforms) = preSolution
		Debug|Any CPU = Debug|Any CPU
		Release|Any CPU = Release|Any CPU
	EndGlobalSection
	GlobalSection(ProjectConfigurationPlatforms) = postSolution
		{BFB829E0-7835-6F74-0FB7-DC46A1A399E3}.Debug|Any CPU.ActiveCfg = Debug|Any CPU
		{BFB829E0-7835-6F74-0FB7-DC46A1A399E3}.Debug|Any CPU.Build.0 = Debug|Any CPU
		{BFB829E0-7835-6F74-0FB7-DC46A1A399E3}.Release|Any CPU.ActiveCfg = Release|Any CPU
		{BFB829E0-7835-6F74-0FB7-DC46A1A399E3}.Release|Any CPU.Build.0 = Release|Any CPU
	EndGlobalSection
	GlobalSection(SolutionProperties) = preSolution
		HideSolutionNode = FALSE
	EndGlobalSection
	GlobalSection(MonoDevelopProperties) = preSolution
		StartupItem = Assembly-CSharp.csproj
	EndGlobalSection
EndGlobal
